{
  "name": "virtualeyes",
  "version": "0.0.1",
  "lockfileVersion": 1,
  "requires": true,
  "dependencies": {
    "@stencil/core": {
      "version": "2.0.1",
      "resolved": "https://registry.npmjs.org/@stencil/core/-/core-2.0.1.tgz",
      "integrity": "sha512-LJahm4BjP+6hD35MXyk7kiZWopBGCf3tCYtJELVejUOj7GEzTx3rRNeK2wZkn/D3D68du8SFnU0nD3FpaBzyZA=="
    }
  }
}
